// !$*UTF8*$!
{
	archiveVersion = 1;
	classes = {
	};
	objectVersion = 56;
	objects = {

/* Begin PBXBuildFile section */
		B20CEDA92A0CC27800590E3B /* AppDelegate.swift in Sources */ = {isa = PBXBuildFile; fileRef = B20CEDA82A0CC27800590E3B /* AppDelegate.swift */; };
		B20CEDAD2A0CC27800590E3B /* ViewController.swift in Sources */ = {isa = PBXBuildFile; fileRef = B20CEDAC2A0CC27800590E3B /* ViewController.swift */; };
		B20CEDB22A0CC27900590E3B /* Assets.xcassets in Resources */ = {isa = PBXBuildFile; fileRef = B20CEDB12A0CC27900590E3B /* Assets.xcassets */; };
		B20CEDB52A0CC27900590E3B /* LaunchScreen.storyboard in Resources */ = {isa = PBXBuildFile; fileRef = B20CEDB32A0CC27900590E3B /* LaunchScreen.storyboard */; };
		B20CEDC82A0CC3E300590E3B /* CatFactTests.swift in Sources */ = {isa = PBXBuildFile; fileRef = B20CEDC72A0CC3E300590E3B /* CatFactTests.swift */; };
		B20CEDD42A0CC5A300590E3B /* Reactor.swift in Sources */ = {isa = PBXBuildFile; fileRef = B20CEDD32A0CC5A300590E3B /* Reactor.swift */; };
		B20CEDD62A0CC5B100590E3B /* ReactorView.swift in Sources */ = {isa = PBXBuildFile; fileRef = B20CEDD52A0CC5B100590E3B /* ReactorView.swift */; };
		B20CEDD82A0CC5F500590E3B /* DistinctValue.swift in Sources */ = {isa = PBXBuildFile; fileRef = B20CEDD72A0CC5F500590E3B /* DistinctValue.swift */; };
/* End PBXBuildFile section */

/* Begin PBXContainerItemProxy section */
		B20CEDC92A0CC3E300590E3B /* PBXContainerItemProxy */ = {
			isa = PBXContainerItemProxy;
			containerPortal = B20CED9D2A0CC27800590E3B /* Project object */;
			proxyType = 1;
			remoteGlobalIDString = B20CEDA42A0CC27800590E3B;
			remoteInfo = CatFact;
		};
/* End PBXContainerItemProxy section */

/* Begin PBXFileReference section */
		B20CEDA52A0CC27800590E3B /* CatFact.app */ = {isa = PBXFileReference; explicitFileType = wrapper.application; includeInIndex = 0; path = CatFact.app; sourceTree = BUILT_PRODUCTS_DIR; };
		B20CEDA82A0CC27800590E3B /* AppDelegate.swift */ = {isa = PBXFileReference; lastKnownFileType = sourcecode.swift; path = AppDelegate.swift; sourceTree = "<group>"; };
		B20CEDAC2A0CC27800590E3B /* ViewController.swift */ = {isa = PBXFileReference; lastKnownFileType = sourcecode.swift; path = ViewController.swift; sourceTree = "<group>"; };
		B20CEDB12A0CC27900590E3B /* Assets.xcassets */ = {isa = PBXFileReference; lastKnownFileType = folder.assetcatalog; path = Assets.xcassets; sourceTree = "<group>"; };
		B20CEDB42A0CC27900590E3B /* Base */ = {isa = PBXFileReference; lastKnownFileType = file.storyboard; name = Base; path = Base.lproj/LaunchScreen.storyboard; sourceTree = "<group>"; };
		B20CEDB62A0CC27900590E3B /* Info.plist */ = {isa = PBXFileReference; lastKnownFileType = text.plist.xml; path = Info.plist; sourceTree = "<group>"; };
		B20CEDC52A0CC3E300590E3B /* CatFactTests.xctest */ = {isa = PBXFileReference; explicitFileType = wrapper.cfbundle; includeInIndex = 0; path = CatFactTests.xctest; sourceTree = BUILT_PRODUCTS_DIR; };
		B20CEDC72A0CC3E300590E3B /* CatFactTests.swift */ = {isa = PBXFileReference; lastKnownFileType = sourcecode.swift; path = CatFactTests.swift; sourceTree = "<group>"; };
		B20CEDD32A0CC5A300590E3B /* Reactor.swift */ = {isa = PBXFileReference; lastKnownFileType = sourcecode.swift; path = Reactor.swift; sourceTree = "<group>"; };
		B20CEDD52A0CC5B100590E3B /* ReactorView.swift */ = {isa = PBXFileReference; lastKnownFileType = sourcecode.swift; path = ReactorView.swift; sourceTree = "<group>"; };
		B20CEDD72A0CC5F500590E3B /* DistinctValue.swift */ = {isa = PBXFileReference; lastKnownFileType = sourcecode.swift; path = DistinctValue.swift; sourceTree = "<group>"; };
/* End PBXFileReference section */

/* Begin PBXFrameworksBuildPhase section */
		B20CEDA22A0CC27800590E3B /* Frameworks */ = {
			isa = PBXFrameworksBuildPhase;
			buildActionMask = 2147483647;
			files = (
			);
			runOnlyForDeploymentPostprocessing = 0;
		};
		B20CEDC22A0CC3E300590E3B /* Frameworks */ = {
			isa = PBXFrameworksBuildPhase;
			buildActionMask = 2147483647;
			files = (
			);
			runOnlyForDeploymentPostprocessing = 0;
		};
/* End PBXFrameworksBuildPhase section */

/* Begin PBXGroup section */
		B20CED9C2A0CC27800590E3B = {
			isa = PBXGroup;
			children = (
				B20CEDA72A0CC27800590E3B /* CatFact */,
				B20CEDC62A0CC3E300590E3B /* CatFactTests */,
				B20CEDA62A0CC27800590E3B /* Products */,
			);
			sourceTree = "<group>";
		};
		B20CEDA62A0CC27800590E3B /* Products */ = {
			isa = PBXGroup;
			children = (
				B20CEDA52A0CC27800590E3B /* CatFact.app */,
				B20CEDC52A0CC3E300590E3B /* CatFactTests.xctest */,
			);
			name = Products;
			sourceTree = "<group>";
		};
		B20CEDA72A0CC27800590E3B /* CatFact */ = {
			isa = PBXGroup;
			children = (
				B20CEDD02A0CC54700590E3B /* App */,
				B20CEDCF2A0CC53500590E3B /* Sources */,
				B20CEDCE2A0CC52F00590E3B /* Resources */,
			);
			path = CatFact;
			sourceTree = "<group>";
		};
		B20CEDC62A0CC3E300590E3B /* CatFactTests */ = {
			isa = PBXGroup;
			children = (
				B20CEDC72A0CC3E300590E3B /* CatFactTests.swift */,
			);
			path = CatFactTests;
			sourceTree = "<group>";
		};
		B20CEDCE2A0CC52F00590E3B /* Resources */ = {
			isa = PBXGroup;
			children = (
				B20CEDB12A0CC27900590E3B /* Assets.xcassets */,
				B20CEDB32A0CC27900590E3B /* LaunchScreen.storyboard */,
				B20CEDB62A0CC27900590E3B /* Info.plist */,
			);
			path = Resources;
			sourceTree = "<group>";
		};
		B20CEDCF2A0CC53500590E3B /* Sources */ = {
			isa = PBXGroup;
			children = (
				B20CEDD12A0CC56F00590E3B /* Protocol */,
				B20CEDAC2A0CC27800590E3B /* ViewController.swift */,
			);
			path = Sources;
			sourceTree = "<group>";
		};
		B20CEDD02A0CC54700590E3B /* App */ = {
			isa = PBXGroup;
			children = (
				B20CEDA82A0CC27800590E3B /* AppDelegate.swift */,
			);
			path = App;
			sourceTree = "<group>";
		};
		B20CEDD12A0CC56F00590E3B /* Protocol */ = {
			isa = PBXGroup;
			children = (
				B20CEDD22A0CC57200590E3B /* Reactor */,
			);
			path = Protocol;
			sourceTree = "<group>";
		};
		B20CEDD22A0CC57200590E3B /* Reactor */ = {
			isa = PBXGroup;
			children = (
				B20CEDD32A0CC5A300590E3B /* Reactor.swift */,
				B20CEDD52A0CC5B100590E3B /* ReactorView.swift */,
				B20CEDD72A0CC5F500590E3B /* DistinctValue.swift */,
			);
			path = Reactor;
			sourceTree = "<group>";
		};
/* End PBXGroup section */

/* Begin PBXNativeTarget section */
		B20CEDA42A0CC27800590E3B /* CatFact */ = {
			isa = PBXNativeTarget;
			buildConfigurationList = B20CEDB92A0CC27900590E3B /* Build configuration list for PBXNativeTarget "CatFact" */;
			buildPhases = (
				B20CEDA12A0CC27800590E3B /* Sources */,
				B20CEDA22A0CC27800590E3B /* Frameworks */,
				B20CEDA32A0CC27800590E3B /* Resources */,
			);
			buildRules = (
			);
			dependencies = (
			);
			name = CatFact;
			productName = CatFact;
			productReference = B20CEDA52A0CC27800590E3B /* CatFact.app */;
			productType = "com.apple.product-type.application";
		};
		B20CEDC42A0CC3E300590E3B /* CatFactTests */ = {
			isa = PBXNativeTarget;
			buildConfigurationList = B20CEDCD2A0CC3E300590E3B /* Build configuration list for PBXNativeTarget "CatFactTests" */;
			buildPhases = (
				B20CEDC12A0CC3E300590E3B /* Sources */,
				B20CEDC22A0CC3E300590E3B /* Frameworks */,
				B20CEDC32A0CC3E300590E3B /* Resources */,
			);
			buildRules = (
			);
			dependencies = (
				B20CEDCA2A0CC3E300590E3B /* PBXTargetDependency */,
			);
			name = CatFactTests;
			productName = CatFactTests;
			productReference = B20CEDC52A0CC3E300590E3B /* CatFactTests.xctest */;
			productType = "com.apple.product-type.bundle.unit-test";
		};
/* End PBXNativeTarget section */

/* Begin PBXProject section */
		B20CED9D2A0CC27800590E3B /* Project object */ = {
			isa = PBXProject;
			attributes = {
				BuildIndependentTargetsInParallel = 1;
				LastSwiftUpdateCheck = 1430;
				LastUpgradeCheck = 1430;
				TargetAttributes = {
					B20CEDA42A0CC27800590E3B = {
						CreatedOnToolsVersion = 14.3;
					};
					B20CEDC42A0CC3E300590E3B = {
						CreatedOnToolsVersion = 14.3;
						TestTargetID = B20CEDA42A0CC27800590E3B;
					};
				};
			};
			buildConfigurationList = B20CEDA02A0CC27800590E3B /* Build configuration list for PBXProject "CatFact" */;
			compatibilityVersion = "Xcode 14.0";
			developmentRegion = en;
			hasScannedForEncodings = 0;
			knownRegions = (
				en,
				Base,
			);
			mainGroup = B20CED9C2A0CC27800590E3B;
			productRefGroup = B20CEDA62A0CC27800590E3B /* Products */;
			projectDirPath = "";
			projectRoot = "";
			targets = (
				B20CEDA42A0CC27800590E3B /* CatFact */,
				B20CEDC42A0CC3E300590E3B /* CatFactTests */,
			);
		};
/* End PBXProject section */

/* Begin PBXResourcesBuildPhase section */
		B20CEDA32A0CC27800590E3B /* Resources */ = {
			isa = PBXResourcesBuildPhase;
			buildActionMask = 2147483647;
			files = (
				B20CEDB52A0CC27900590E3B /* LaunchScreen.storyboard in Resources */,
				B20CEDB22A0CC27900590E3B /* Assets.xcassets in Resources */,
			);
			runOnlyForDeploymentPostprocessing = 0;
		};
		B20CEDC32A0CC3E300590E3B /* Resources */ = {
			isa = PBXResourcesBuildPhase;
			buildActionMask = 2147483647;
			files = (
			);
			runOnlyForDeploymentPostprocessing = 0;
		};
/* End PBXResourcesBuildPhase section */

/* Begin PBXSourcesBuildPhase section */
		B20CEDA12A0CC27800590E3B /* Sources */ = {
			isa = PBXSourcesBuildPhase;
			buildActionMask = 2147483647;
			files = (
				B20CEDAD2A0CC27800590E3B /* ViewController.swift in Sources */,
				B20CEDD42A0CC5A300590E3B /* Reactor.swift in Sources */,
				B20CEDA92A0CC27800590E3B /* AppDelegate.swift in Sources */,
				B20CEDD82A0CC5F500590E3B /* DistinctValue.swift in Sources */,
				B20CEDD62A0CC5B100590E3B /* ReactorView.swift in Sources */,
			);
			runOnlyForDeploymentPostprocessing = 0;
		};
		B20CEDC12A0CC3E300590E3B /* Sources */ = {
			isa = PBXSourcesBuildPhase;
			buildActionMask = 2147483647;
			files = (
				B20CEDC82A0CC3E300590E3B /* CatFactTests.swift in Sources */,
			);
			runOnlyForDeploymentPostprocessing = 0;
		};
/* End PBXSourcesBuildPhase section */

/* Begin PBXTargetDependency section */
		B20CEDCA2A0CC3E300590E3B /* PBXTargetDependency */ = {
			isa = PBXTargetDependency;
			target = B20CEDA42A0CC27800590E3B /* CatFact */;
			targetProxy = B20CEDC92A0CC3E300590E3B /* PBXContainerItemProxy */;
		};
/* End PBXTargetDependency section */

/* Begin PBXVariantGroup section */
		B20CEDB32A0CC27900590E3B /* LaunchScreen.storyboard */ = {
			isa = PBXVariantGroup;
			children = (
				B20CEDB42A0CC27900590E3B /* Base */,
			);
			name = LaunchScreen.storyboard;
			sourceTree = "<group>";
		};
/* End PBXVariantGroup section */

/* Begin XCBuildConfiguration section */
		B20CEDB72A0CC27900590E3B /* Debug */ = {
			isa = XCBuildConfiguration;
			buildSettings = {
				ALWAYS_SEARCH_USER_PATHS = NO;
				CLANG_ANALYZER_NONNULL = YES;
				CLANG_ANALYZER_NUMBER_OBJECT_CONVERSION = YES_AGGRESSIVE;
				CLANG_CXX_LANGUAGE_STANDARD = "gnu++20";
				CLANG_ENABLE_MODULES = YES;
				CLANG_ENABLE_OBJC_ARC = YES;
				CLANG_ENABLE_OBJC_WEAK = YES;
				CLANG_WARN_BLOCK_CAPTURE_AUTORELEASING = YES;
				CLANG_WARN_BOOL_CONVERSION = YES;
				CLANG_WARN_COMMA = YES;
				CLANG_WARN_CONSTANT_CONVERSION = YES;
				CLANG_WARN_DEPRECATED_OBJC_IMPLEMENTATIONS = YES;
				CLANG_WARN_DIRECT_OBJC_ISA_USAGE = YES_ERROR;
				CLANG_WARN_DOCUMENTATION_COMMENTS = YES;
				CLANG_WARN_EMPTY_BODY = YES;
				CLANG_WARN_ENUM_CONVERSION = YES;
				CLANG_WARN_INFINITE_RECURSION = YES;
				CLANG_WARN_INT_CONVERSION = YES;
				CLANG_WARN_NON_LITERAL_NULL_CONVERSION = YES;
				CLANG_WARN_OBJC_IMPLICIT_RETAIN_SELF = YES;
				CLANG_WARN_OBJC_LITERAL_CONVERSION = YES;
				CLANG_WARN_OBJC_ROOT_CLASS = YES_ERROR;
				CLANG_WARN_QUOTED_INCLUDE_IN_FRAMEWORK_HEADER = YES;
				CLANG_WARN_RANGE_LOOP_ANALYSIS = YES;
				CLANG_WARN_STRICT_PROTOTYPES = YES;
				CLANG_WARN_SUSPICIOUS_MOVE = YES;
				CLANG_WARN_UNGUARDED_AVAILABILITY = YES_AGGRESSIVE;
				CLANG_WARN_UNREACHABLE_CODE = YES;
				CLANG_WARN__DUPLICATE_METHOD_MATCH = YES;
				COPY_PHASE_STRIP = NO;
				DEBUG_INFORMATION_FORMAT = dwarf;
				ENABLE_STRICT_OBJC_MSGSEND = YES;
				ENABLE_TESTABILITY = YES;
				GCC_C_LANGUAGE_STANDARD = gnu11;
				GCC_DYNAMIC_NO_PIC = NO;
				GCC_NO_COMMON_BLOCKS = YES;
				GCC_OPTIMIZATION_LEVEL = 0;
				GCC_PREPROCESSOR_DEFINITIONS = (
					"DEBUG=1",
					"$(inherited)",
				);
				GCC_WARN_64_TO_32_BIT_CONVERSION = YES;
				GCC_WARN_ABOUT_RETURN_TYPE = YES_ERROR;
				GCC_WARN_UNDECLARED_SELECTOR = YES;
				GCC_WARN_UNINITIALIZED_AUTOS = YES_AGGRESSIVE;
				GCC_WARN_UNUSED_FUNCTION = YES;
				GCC_WARN_UNUSED_VARIABLE = YES;
				IPHONEOS_DEPLOYMENT_TARGET = 15.0;
				MTL_ENABLE_DEBUG_INFO = INCLUDE_SOURCE;
				MTL_FAST_MATH = YES;
				ONLY_ACTIVE_ARCH = YES;
				SDKROOT = iphoneos;
				SWIFT_ACTIVE_COMPILATION_CONDITIONS = DEBUG;
				SWIFT_OPTIMIZATION_LEVEL = "-Onone";
			};
			name = Debug;
		};
		B20CEDB82A0CC27900590E3B /* Release */ = {
			isa = XCBuildConfiguration;
			buildSettings = {
				ALWAYS_SEARCH_USER_PATHS = NO;
				CLANG_ANALYZER_NONNULL = YES;
				CLANG_ANALYZER_NUMBER_OBJECT_CONVERSION = YES_AGGRESSIVE;
				CLANG_CXX_LANGUAGE_STANDARD = "gnu++20";
				CLANG_ENABLE_MODULES = YES;
				CLANG_ENABLE_OBJC_ARC = YES;
				CLANG_ENABLE_OBJC_WEAK = YES;
				CLANG_WARN_BLOCK_CAPTURE_AUTORELEASING = YES;
				CLANG_WARN_BOOL_CONVERSION = YES;
				CLANG_WARN_COMMA = YES;
				CLANG_WARN_CONSTANT_CONVERSION = YES;
				CLANG_WARN_DEPRECATED_OBJC_IMPLEMENTATIONS = YES;
				CLANG_WARN_DIRECT_OBJC_ISA_USAGE = YES_ERROR;
				CLANG_WARN_DOCUMENTATION_COMMENTS = YES;
				CLANG_WARN_EMPTY_BODY = YES;
				CLANG_WARN_ENUM_CONVERSION = YES;
				CLANG_WARN_INFINITE_RECURSION = YES;
				CLANG_WARN_INT_CONVERSION = YES;
				CLANG_WARN_NON_LITERAL_NULL_CONVERSION = YES;
				CLANG_WARN_OBJC_IMPLICIT_RETAIN_SELF = YES;
				CLANG_WARN_OBJC_LITERAL_CONVERSION = YES;
				CLANG_WARN_OBJC_ROOT_CLASS = YES_ERROR;
				CLANG_WARN_QUOTED_INCLUDE_IN_FRAMEWORK_HEADER = YES;
				CLANG_WARN_RANGE_LOOP_ANALYSIS = YES;
				CLANG_WARN_STRICT_PROTOTYPES = YES;
				CLANG_WARN_SUSPICIOUS_MOVE = YES;
				CLANG_WARN_UNGUARDED_AVAILABILITY = YES_AGGRESSIVE;
				CLANG_WARN_UNREACHABLE_CODE = YES;
				CLANG_WARN__DUPLICATE_METHOD_MATCH = YES;
				COPY_PHASE_STRIP = NO;
				DEBUG_INFORMATION_FORMAT = "dwarf-with-dsym";
				ENABLE_NS_ASSERTIONS = NO;
				ENABLE_STRICT_OBJC_MSGSEND = YES;
				GCC_C_LANGUAGE_STANDARD = gnu11;
				GCC_NO_COMMON_BLOCKS = YES;
				GCC_WARN_64_TO_32_BIT_CONVERSION = YES;
				GCC_WARN_ABOUT_RETURN_TYPE = YES_ERROR;
				GCC_WARN_UNDECLARED_SELECTOR = YES;
				GCC_WARN_UNINITIALIZED_AUTOS = YES_AGGRESSIVE;
				GCC_WARN_UNUSED_FUNCTION = YES;
				GCC_WARN_UNUSED_VARIABLE = YES;
				IPHONEOS_DEPLOYMENT_TARGET = 15.0;
				MTL_ENABLE_DEBUG_INFO = NO;
				MTL_FAST_MATH = YES;
				SDKROOT = iphoneos;
				SWIFT_COMPILATION_MODE = wholemodule;
				SWIFT_OPTIMIZATION_LEVEL = "-O";
				VALIDATE_PRODUCT = YES;
			};
			name = Release;
		};
		B20CEDBA2A0CC27900590E3B /* Debug */ = {
			isa = XCBuildConfiguration;
			buildSettings = {
				ASSETCATALOG_COMPILER_APPICON_NAME = AppIcon;
				ASSETCATALOG_COMPILER_GLOBAL_ACCENT_COLOR_NAME = AccentColor;
				CODE_SIGN_STYLE = Automatic;
				CURRENT_PROJECT_VERSION = 1;
				GENERATE_INFOPLIST_FILE = YES;
				INFOPLIST_FILE = CatFact/Resources/Info.plist;
				INFOPLIST_KEY_UIApplicationSupportsIndirectInputEvents = YES;
				INFOPLIST_KEY_UILaunchStoryboardName = LaunchScreen;
				INFOPLIST_KEY_UISupportedInterfaceOrientations_iPad = "UIInterfaceOrientationPortrait UIInterfaceOrientationPortraitUpsideDown UIInterfaceOrientationLandscapeLeft UIInterfaceOrientationLandscapeRight";
				INFOPLIST_KEY_UISupportedInterfaceOrientations_iPhone = "UIInterfaceOrientationPortrait UIInterfaceOrientationLandscapeLeft UIInterfaceOrientationLandscapeRight";
				LD_RUNPATH_SEARCH_PATHS = (
					"$(inherited)",
					"@executable_path/Frameworks",
				);
				MARKETING_VERSION = 1.0;
				PRODUCT_BUNDLE_IDENTIFIER = io.github.lyfeoncloudnine.CatFact;
				PRODUCT_NAME = "$(TARGET_NAME)";
				SWIFT_EMIT_LOC_STRINGS = YES;
				SWIFT_VERSION = 5.0;
				TARGETED_DEVICE_FAMILY = "1,2";
			};
			name = Debug;
		};
		B20CEDBB2A0CC27900590E3B /* Release */ = {
			isa = XCBuildConfiguration;
			buildSettings = {
				ASSETCATALOG_COMPILER_APPICON_NAME = AppIcon;
				ASSETCATALOG_COMPILER_GLOBAL_ACCENT_COLOR_NAME = AccentColor;
				CODE_SIGN_STYLE = Automatic;
				CURRENT_PROJECT_VERSION = 1;
				GENERATE_INFOPLIST_FILE = YES;
				INFOPLIST_FILE = CatFact/Resources/Info.plist;
				INFOPLIST_KEY_UIApplicationSupportsIndirectInputEvents = YES;
				INFOPLIST_KEY_UILaunchStoryboardName = LaunchScreen;
				INFOPLIST_KEY_UISupportedInterfaceOrientations_iPad = "UIInterfaceOrientationPortrait UIInterfaceOrientationPortraitUpsideDown UIInterfaceOrientationLandscapeLeft UIInterfaceOrientationLandscapeRight";
				INFOPLIST_KEY_UISupportedInterfaceOrientations_iPhone = "UIInterfaceOrientationPortrait UIInterfaceOrientationLandscapeLeft UIInterfaceOrientationLandscapeRight";
				LD_RUNPATH_SEARCH_PATHS = (
					"$(inherited)",
					"@executable_path/Frameworks",
				);
				MARKETING_VERSION = 1.0;
				PRODUCT_BUNDLE_IDENTIFIER = io.github.lyfeoncloudnine.CatFact;
				PRODUCT_NAME = "$(TARGET_NAME)";
				SWIFT_EMIT_LOC_STRINGS = YES;
				SWIFT_VERSION = 5.0;
				TARGETED_DEVICE_FAMILY = "1,2";
			};
			name = Release;
		};
		B20CEDCB2A0CC3E300590E3B /* Debug */ = {
			isa = XCBuildConfiguration;
			buildSettings = {
				BUNDLE_LOADER = "$(TEST_HOST)";
				CODE_SIGN_STYLE = Automatic;
				CURRENT_PROJECT_VERSION = 1;
				GENERATE_INFOPLIST_FILE = YES;
				MARKETING_VERSION = 1.0;
				PRODUCT_BUNDLE_IDENTIFIER = io.github.lyfeoncloudnine.CatFactTests;
				PRODUCT_NAME = "$(TARGET_NAME)";
				SWIFT_EMIT_LOC_STRINGS = NO;
				SWIFT_VERSION = 5.0;
				TARGETED_DEVICE_FAMILY = "1,2";
				TEST_HOST = "$(BUILT_PRODUCTS_DIR)/CatFact.app/$(BUNDLE_EXECUTABLE_FOLDER_PATH)/CatFact";
			};
			name = Debug;
		};
		B20CEDCC2A0CC3E300590E3B /* Release */ = {
			isa = XCBuildConfiguration;
			buildSettings = {
				BUNDLE_LOADER = "$(TEST_HOST)";
				CODE_SIGN_STYLE = Automatic;
				CURRENT_PROJECT_VERSION = 1;
				GENERATE_INFOPLIST_FILE = YES;
				MARKETING_VERSION = 1.0;
				PRODUCT_BUNDLE_IDENTIFIER = io.github.lyfeoncloudnine.CatFactTests;
				PRODUCT_NAME = "$(TARGET_NAME)";
				SWIFT_EMIT_LOC_STRINGS = NO;
				SWIFT_VERSION = 5.0;
				TARGETED_DEVICE_FAMILY = "1,2";
				TEST_HOST = "$(BUILT_PRODUCTS_DIR)/CatFact.app/$(BUNDLE_EXECUTABLE_FOLDER_PATH)/CatFact";
			};
			name = Release;
		};
/* End XCBuildConfiguration section */

/* Begin XCConfigurationList section */
		B20CEDA02A0CC27800590E3B /* Build configuration list for PBXProject "CatFact" */ = {
			isa = XCConfigurationList;
			buildConfigurations = (
				B20CEDB72A0CC27900590E3B /* Debug */,
				B20CEDB82A0CC27900590E3B /* Release */,
			);
			defaultConfigurationIsVisible = 0;
			defaultConfigurationName = Release;
		};
		B20CEDB92A0CC27900590E3B /* Build configuration list for PBXNativeTarget "CatFact" */ = {
			isa = XCConfigurationList;
			buildConfigurations = (
				B20CEDBA2A0CC27900590E3B /* Debug */,
				B20CEDBB2A0CC27900590E3B /* Release */,
			);
			defaultConfigurationIsVisible = 0;
			defaultConfigurationName = Release;
		};
		B20CEDCD2A0CC3E300590E3B /* Build configuration list for PBXNativeTarget "CatFactTests" */ = {
			isa = XCConfigurationList;
			buildConfigurations = (
				B20CEDCB2A0CC3E300590E3B /* Debug */,
				B20CEDCC2A0CC3E300590E3B /* Release */,
			);
			defaultConfigurationIsVisible = 0;
			defaultConfigurationName = Release;
		};
/* End XCConfigurationList section */
	};
	rootObject = B20CED9D2A0CC27800590E3B /* Project object */;
}
